{
  "name": "fruit-busket",
  "lockfileVersion": 3,
  "requires": true,
  "packages": {
    "": {
      "name": "fruit-busket",
      "license": "ISC",
      "dependencies": {
        "inversify": "^7.10.4",
        "miniplex": "^2.0.0",
        "reflect-metadata": "^0.2.2"
      },
      "devDependencies": {
        "@cocos/creator-types": "^3.8.7",
        "typescript": "^5.5.3"
      }
    },
    "node_modules/@cocos/creator-types": {
      "version": "3.8.7",
      "resolved": "https://registry.npmjs.org/@cocos/creator-types/-/creator-types-3.8.7.tgz",
      "integrity": "sha512-QTtuC+w1s1yQ8DPlgFSiIGS+Pko6v2QdrrQRN8/SttEBo53JjyXEWHXpRkg1lGiHq0u/aadm0cN/Y4jtEmis/w==",
      "dev": true,
      "license": "ISC"
    },
    "node_modules/@hmans/id": {
      "version": "0.0.1",
      "resolved": "https://registry.npmjs.org/@hmans/id/-/id-0.0.1.tgz",
      "integrity": "sha512-2BxHxZziST8F0P5Dt+UuttF2lwCaKK7QFR814PwEp708l6dm86pjWJAFr7BKyAGu27mRpYcghvCAUAucNdsCdw==",
      "license": "MIT"
    },
    "node_modules/@hmans/queue": {
      "version": "0.0.1",
      "resolved": "https://registry.npmjs.org/@hmans/queue/-/queue-0.0.1.tgz",
      "integrity": "sha512-Mm8oQRFRoiEYQ3QD9CD14DTaShd21nzNrUFyBhFxy+TduKf2PdMRfHHx7lDvEpbODGNlj+e8mcWGj/YjWmC3Bw==",
      "license": "MIT"
    },
    "node_modules/@inversifyjs/common": {
      "version": "1.5.2",
      "resolved": "https://registry.npmjs.org/@inversifyjs/common/-/common-1.5.2.tgz",
      "integrity": "sha512-WlzR9xGadABS9gtgZQ+luoZ8V6qm4Ii6RQfcfC9Ho2SOlE6ZuemFo7PKJvKI0ikm8cmKbU8hw5UK6E4qovH21w==",
      "license": "MIT"
    },
    "node_modules/@inversifyjs/container": {
      "version": "1.14.1",
      "resolved": "https://registry.npmjs.org/@inversifyjs/container/-/container-1.14.1.tgz",
      "integrity": "sha512-OFSlXXFgEk2zSV4ZCapJeVc0jtN+DxiXB1Szz2AManOFEhFc9uiUFBUJ8XxOy4SuIAYPNNLW55F6owm/birqvg==",
      "license": "MIT",
      "dependencies": {
        "@inversifyjs/common": "1.5.2",
        "@inversifyjs/core": "9.1.1",
        "@inversifyjs/plugin": "0.2.0",
        "@inversifyjs/reflect-metadata-utils": "1.4.1"
      },
      "peerDependencies": {
        "reflect-metadata": "~0.2.2"
      }
    },
    "node_modules/@inversifyjs/core": {
      "version": "9.1.1",
      "resolved": "https://registry.npmjs.org/@inversifyjs/core/-/core-9.1.1.tgz",
      "integrity": "sha512-3GNF/a889+Z3AxMZGl5LvBaHYIRvn+rm4b6jec3YncyqNRXoLQjUUAleE0AbVUdUl8YntJ5NW+qe5vjbM0wk/w==",
      "license": "MIT",
      "dependencies": {
        "@inversifyjs/common": "1.5.2",
        "@inversifyjs/prototype-utils": "0.1.3",
        "@inversifyjs/reflect-metadata-utils": "1.4.1"
      }
    },
    "node_modules/@inversifyjs/plugin": {
      "version": "0.2.0",
      "resolved": "https://registry.npmjs.org/@inversifyjs/plugin/-/plugin-0.2.0.tgz",
      "integrity": "sha512-R/JAdkTSD819pV1zi0HP54mWHyX+H2m8SxldXRgPQarS3ySV4KPyRdosWcfB8Se0JJZWZLHYiUNiS6JvMWSPjw==",
      "license": "MIT"
    },
    "node_modules/@inversifyjs/prototype-utils": {
      "version": "0.1.3",
      "resolved": "https://registry.npmjs.org/@inversifyjs/prototype-utils/-/prototype-utils-0.1.3.tgz",
      "integrity": "sha512-EzRamZzNgE9Sn3QtZ8NncNa2lpPMZfspqbK6BWFguWnOpK8ymp2TUuH46ruFHZhrHKnknPd7fG22ZV7iF517TQ==",
      "license": "MIT",
      "dependencies": {
        "@inversifyjs/common": "1.5.2"
      }
    },
    "node_modules/@inversifyjs/reflect-metadata-utils": {
      "version": "1.4.1",
      "resolved": "https://registry.npmjs.org/@inversifyjs/reflect-metadata-utils/-/reflect-metadata-utils-1.4.1.tgz",
      "integrity": "sha512-Cp77C4d2wLaHXiUB7iH6Cxb7i1lD/YDuTIHLTDzKINqGSz0DCSoL/Dg2wVkW/6Qx03r/yQMLJ+32Agl32N2X8g==",
      "license": "MIT",
      "peerDependencies": {
        "reflect-metadata": "~0.2.2"
      }
    },
    "node_modules/@miniplex/bucket": {
      "version": "2.0.0",
      "resolved": "https://registry.npmjs.org/@miniplex/bucket/-/bucket-2.0.0.tgz",
      "integrity": "sha512-jdAW0vG0tLel0dD0lyQqkQ4g4G9CscbVtenu35jB48fnVK3zmfFmQKIxXHsUvFs4KAN44UESAgaVOroTetFSRw==",
      "license": "MIT",
      "dependencies": {
        "eventery": "^0.0.4"
      }
    },
    "node_modules/eventery": {
      "version": "0.0.4",
      "resolved": "https://registry.npmjs.org/eventery/-/eventery-0.0.4.tgz",
      "integrity": "sha512-rQbXJG8WX9z2cm3IJadkSUZLWFXuwGMIJ40oWyB23DhVb1e92T7Jx3qF0UwtgHI7D4VZzVswbZ7MXfW88cFF4Q==",
      "license": "MIT"
    },
    "node_modules/inversify": {
      "version": "7.10.4",
      "resolved": "https://registry.npmjs.org/inversify/-/inversify-7.10.4.tgz",
      "integrity": "sha512-slBB4OeGHNR4yxAz/ChzFrFK9QKtZ+P+Ys0aYMv0nYc05eiB5hk1oqlHhgCZ13tiDj4806tF1LW3NQPcJjmipQ==",
      "license": "MIT",
      "dependencies": {
        "@inversifyjs/common": "1.5.2",
        "@inversifyjs/container": "1.14.1",
        "@inversifyjs/core": "9.1.1"
      }
    },
    "node_modules/miniplex": {
      "version": "2.0.0",
      "resolved": "https://registry.npmjs.org/miniplex/-/miniplex-2.0.0.tgz",
      "integrity": "sha512-pJlxmlPf5Qyx12amgOCyRE6Lzw28ct2G0lF9xn7/xudLtA/xDOUnCIU2xOxCk8GkjePYctcNpjmFshJp/Ht66A==",
      "license": "MIT",
      "dependencies": {
        "@hmans/id": "^0.0.1",
        "@hmans/queue": "^0.0.1",
        "@miniplex/bucket": "2.0.0"
      }
    },
    "node_modules/reflect-metadata": {
      "version": "0.2.2",
      "resolved": "https://registry.npmjs.org/reflect-metadata/-/reflect-metadata-0.2.2.tgz",
      "integrity": "sha512-urBwgfrvVP/eAyXx4hluJivBKzuEbSQs9rKWCrCkbSxNv8mxPcUZKeuoF3Uy4mJl3Lwprp6yy5/39VWigZ4K6Q==",
      "license": "Apache-2.0"
    },
    "node_modules/typescript": {
      "version": "5.9.3",
      "resolved": "https://registry.npmjs.org/typescript/-/typescript-5.9.3.tgz",
      "integrity": "sha512-jl1vZzPDinLr9eUt3J/t7V6FgNEw9QjvBPdysz9KfQDD41fQrC2Y4vKQdiaUpFT4bXlb1RHhLpp8wtm6M5TgSw==",
      "dev": true,
      "license": "Apache-2.0",
      "bin": {
        "tsc": "bin/tsc",
        "tsserver": "bin/tsserver"
      },
      "engines": {
        "node": ">=14.17"
      }
    }
  }
}
